
Microsoft Visual Studio Solution File, Format Version 12.00
# Visual Studio Version 17
VisualStudioVersion = 17.6.33829.357
MinimumVisualStudioVersion = 10.0.40219.1
Project("{FAE04EC0-301F-11D3-BF4B-00C04F79EFBC}") = "MyDictionary", "MyDictionary\MyDictionary.csproj", "{2F514CD2-6AB8-45D4-A214-0FBC00D26BE2}"
EndProject
Global
	GlobalSection(SolutionConfigurationPlatforms) = preSolution
		Debug|Any CPU = Debug|Any CPU
		Release|Any CPU = Release|Any CPU
	EndGlobalSection
	GlobalSection(ProjectConfigurationPlatforms) = postSolution
		{2F514CD2-6AB8-45D4-A214-0FBC00D26BE2}.Debug|Any CPU.ActiveCfg = Debug|Any CPU
		{2F514CD2-6AB8-45D4-A214-0FBC00D26BE2}.Debug|Any CPU.Build.0 = Debug|Any CPU
		{2F514CD2-6AB8-45D4-A214-0FBC00D26BE2}.Release|Any CPU.ActiveCfg = Release|Any CPU
		{2F514CD2-6AB8-45D4-A214-0FBC00D26BE2}.Release|Any CPU.Build.0 = Release|Any CPU
	EndGlobalSection
	GlobalSection(SolutionProperties) = preSolution
		HideSolutionNode = FALSE
	EndGlobalSection
	GlobalSection(ExtensibilityGlobals) = postSolution
		SolutionGuid = {7B3BCC26-15BD-40DB-978C-18F307D3FFA8}
	EndGlobalSection
EndGlobal
